
Microsoft Visual Studio Solution File, Format Version 12.00
Project("{2150E333-8FDC-42A3-9474-1A3956D46DE8}") = "Service", "Service", "{04AE6330-B606-42C3-9B5E-4051F875B2E2}"
EndProject
Project("{2150E333-8FDC-42A3-9474-1A3956D46DE8}") = "Solution Items", "Solution Items", "{871EE602-C85D-4CCD-B24C-65A34E4F30AD}"
	ProjectSection(SolutionItems) = preProject
		compose.yaml = compose.yaml
	EndProjectSection
EndProject
Project("{FAE04EC0-301F-11D3-BF4B-00C04F79EFBC}") = "CommentService", "CommentService\CommentService.csproj", "{719206DD-63D5-49AB-92E2-B29E6CAEB189}"
EndProject
Project("{FAE04EC0-301F-11D3-BF4B-00C04F79EFBC}") = "ProfanityService", "ProfanityService\ProfanityService.csproj", "{34129406-7D3F-4A90-9802-A991D0B8C9C8}"
EndProject
Project("{FAE04EC0-301F-11D3-BF4B-00C04F79EFBC}") = "ArticleService", "ArticleService\ArticleService.csproj", "{5008605F-FE7A-4CEA-8295-5EBA54832C42}"
EndProject
Project("{FAE04EC0-301F-11D3-BF4B-00C04F79EFBC}") = "DraftService", "DraftService\DraftService.csproj", "{225DAA52-DA28-4C9D-9E7A-07E12D6E7C4D}"
EndProject
Project("{FAE04EC0-301F-11D3-BF4B-00C04F79EFBC}") = "WebApp", "WebApp\WebApp.csproj", "{AF8E6B98-BAB5-45CD-89FF-82D45C96114C}"
EndProject
Project("{FAE04EC0-301F-11D3-BF4B-00C04F79EFBC}") = "PublisherService", "PublisherService\PublisherService.csproj", "{09503A5F-315F-4669-B530-353FDD5D687A}"
EndProject
Project("{FAE04EC0-301F-11D3-BF4B-00C04F79EFBC}") = "ArticleQueue", "ArticleQueue\ArticleQueue.csproj", "{DC708DEB-EF88-4A88-90A2-964C8FCA4A37}"
EndProject
Project("{FAE04EC0-301F-11D3-BF4B-00C04F79EFBC}") = "NewsletterService", "NewsletterService\NewsletterService.csproj", "{59972788-E125-48E6-8218-AAA7EC67E284}"
EndProject
Global
	GlobalSection(SolutionConfigurationPlatforms) = preSolution
		Debug|Any CPU = Debug|Any CPU
		Release|Any CPU = Release|Any CPU
	EndGlobalSection
	GlobalSection(ProjectConfigurationPlatforms) = postSolution
		{719206DD-63D5-49AB-92E2-B29E6CAEB189}.Debug|Any CPU.ActiveCfg = Debug|Any CPU
		{719206DD-63D5-49AB-92E2-B29E6CAEB189}.Debug|Any CPU.Build.0 = Debug|Any CPU
		{719206DD-63D5-49AB-92E2-B29E6CAEB189}.Release|Any CPU.ActiveCfg = Release|Any CPU
		{719206DD-63D5-49AB-92E2-B29E6CAEB189}.Release|Any CPU.Build.0 = Release|Any CPU
		{34129406-7D3F-4A90-9802-A991D0B8C9C8}.Debug|Any CPU.ActiveCfg = Debug|Any CPU
		{34129406-7D3F-4A90-9802-A991D0B8C9C8}.Debug|Any CPU.Build.0 = Debug|Any CPU
		{34129406-7D3F-4A90-9802-A991D0B8C9C8}.Release|Any CPU.ActiveCfg = Release|Any CPU
		{34129406-7D3F-4A90-9802-A991D0B8C9C8}.Release|Any CPU.Build.0 = Release|Any CPU
		{5008605F-FE7A-4CEA-8295-5EBA54832C42}.Debug|Any CPU.ActiveCfg = Debug|Any CPU
		{5008605F-FE7A-4CEA-8295-5EBA54832C42}.Debug|Any CPU.Build.0 = Debug|Any CPU
		{5008605F-FE7A-4CEA-8295-5EBA54832C42}.Release|Any CPU.ActiveCfg = Release|Any CPU
		{5008605F-FE7A-4CEA-8295-5EBA54832C42}.Release|Any CPU.Build.0 = Release|Any CPU
		{225DAA52-DA28-4C9D-9E7A-07E12D6E7C4D}.Debug|Any CPU.ActiveCfg = Debug|Any CPU
		{225DAA52-DA28-4C9D-9E7A-07E12D6E7C4D}.Debug|Any CPU.Build.0 = Debug|Any CPU
		{225DAA52-DA28-4C9D-9E7A-07E12D6E7C4D}.Release|Any CPU.ActiveCfg = Release|Any CPU
		{225DAA52-DA28-4C9D-9E7A-07E12D6E7C4D}.Release|Any CPU.Build.0 = Release|Any CPU
		{AF8E6B98-BAB5-45CD-89FF-82D45C96114C}.Debug|Any CPU.ActiveCfg = Debug|Any CPU
		{AF8E6B98-BAB5-45CD-89FF-82D45C96114C}.Debug|Any CPU.Build.0 = Debug|Any CPU
		{AF8E6B98-BAB5-45CD-89FF-82D45C96114C}.Release|Any CPU.ActiveCfg = Release|Any CPU
		{AF8E6B98-BAB5-45CD-89FF-82D45C96114C}.Release|Any CPU.Build.0 = Release|Any CPU
		{09503A5F-315F-4669-B530-353FDD5D687A}.Debug|Any CPU.ActiveCfg = Debug|Any CPU
		{09503A5F-315F-4669-B530-353FDD5D687A}.Debug|Any CPU.Build.0 = Debug|Any CPU
		{09503A5F-315F-4669-B530-353FDD5D687A}.Release|Any CPU.ActiveCfg = Release|Any CPU
		{09503A5F-315F-4669-B530-353FDD5D687A}.Release|Any CPU.Build.0 = Release|Any CPU
		{DC708DEB-EF88-4A88-90A2-964C8FCA4A37}.Debug|Any CPU.ActiveCfg = Debug|Any CPU
		{DC708DEB-EF88-4A88-90A2-964C8FCA4A37}.Debug|Any CPU.Build.0 = Debug|Any CPU
		{DC708DEB-EF88-4A88-90A2-964C8FCA4A37}.Release|Any CPU.ActiveCfg = Release|Any CPU
		{DC708DEB-EF88-4A88-90A2-964C8FCA4A37}.Release|Any CPU.Build.0 = Release|Any CPU
		{59972788-E125-48E6-8218-AAA7EC67E284}.Debug|Any CPU.ActiveCfg = Debug|Any CPU
		{59972788-E125-48E6-8218-AAA7EC67E284}.Debug|Any CPU.Build.0 = Debug|Any CPU
		{59972788-E125-48E6-8218-AAA7EC67E284}.Release|Any CPU.ActiveCfg = Release|Any CPU
		{59972788-E125-48E6-8218-AAA7EC67E284}.Release|Any CPU.Build.0 = Release|Any CPU
	EndGlobalSection
	GlobalSection(NestedProjects) = preSolution
	EndGlobalSection
EndGlobal
